
Microsoft Visual Studio Solution File, Format Version 12.00
# Visual Studio Version 17
VisualStudioVersion = 17.0.31919.166
MinimumVisualStudioVersion = 10.0.40219.1
Project("{FAE04EC0-301F-11D3-BF4B-00C04F79EFBC}") = "Auth0NetCoreDemo", "Auth0NetCoreDemo\Auth0NetCoreDemo.csproj", "{E7A46D74-D5DE-49BD-ADF8-22A4235D3208}"
EndProject
Global
	GlobalSection(SolutionConfigurationPlatforms) = preSolution
		Debug|Any CPU = Debug|Any CPU
		Release|Any CPU = Release|Any CPU
	EndGlobalSection
	GlobalSection(ProjectConfigurationPlatforms) = postSolution
		{E7A46D74-D5DE-49BD-ADF8-22A4235D3208}.Debug|Any CPU.ActiveCfg = Debug|Any CPU
		{E7A46D74-D5DE-49BD-ADF8-22A4235D3208}.Debug|Any CPU.Build.0 = Debug|Any CPU
		{E7A46D74-D5DE-49BD-ADF8-22A4235D3208}.Release|Any CPU.ActiveCfg = Release|Any CPU
		{E7A46D74-D5DE-49BD-ADF8-22A4235D3208}.Release|Any CPU.Build.0 = Release|Any CPU
	EndGlobalSection
	GlobalSection(SolutionProperties) = preSolution
		HideSolutionNode = FALSE
	EndGlobalSection
	GlobalSection(ExtensibilityGlobals) = postSolution
		SolutionGuid = {61237CA2-8646-4C6D-9D60-B596CABA7949}
	EndGlobalSection
EndGlobal
